
Microsoft Visual Studio Solution File, Format Version 12.00
# Visual Studio Version 16
VisualStudioVersion = 16.0.30611.23
MinimumVisualStudioVersion = 10.0.40219.1
Project("{9A19103F-16F7-4668-BE54-9A1E7A4F7556}") = "AsyncQueue", "AsyncQueue\AsyncQueue.csproj", "{00B40D29-45B7-4362-ACCF-F638CACD167E}"
EndProject
Project("{9A19103F-16F7-4668-BE54-9A1E7A4F7556}") = "Benchmarks", "Benchmarks\Benchmarks.csproj", "{0695DE62-953C-463F-A0C3-1FBFA6B4B324}"
EndProject
Project("{FAE04EC0-301F-11D3-BF4B-00C04F79EFBC}") = "Tests", "Tests\Tests.csproj", "{ABD6E762-E7DB-4FBE-AF7E-A2CFFCD8BFB5}"
EndProject
Global
	GlobalSection(SolutionConfigurationPlatforms) = preSolution
		Debug|Any CPU = Debug|Any CPU
		Release|Any CPU = Release|Any CPU
	EndGlobalSection
	GlobalSection(ProjectConfigurationPlatforms) = postSolution
		{00B40D29-45B7-4362-ACCF-F638CACD167E}.Debug|Any CPU.ActiveCfg = Debug|Any CPU
		{00B40D29-45B7-4362-ACCF-F638CACD167E}.Debug|Any CPU.Build.0 = Debug|Any CPU
		{00B40D29-45B7-4362-ACCF-F638CACD167E}.Release|Any CPU.ActiveCfg = Release|Any CPU
		{00B40D29-45B7-4362-ACCF-F638CACD167E}.Release|Any CPU.Build.0 = Release|Any CPU
		{0695DE62-953C-463F-A0C3-1FBFA6B4B324}.Debug|Any CPU.ActiveCfg = Debug|Any CPU
		{0695DE62-953C-463F-A0C3-1FBFA6B4B324}.Debug|Any CPU.Build.0 = Debug|Any CPU
		{0695DE62-953C-463F-A0C3-1FBFA6B4B324}.Release|Any CPU.ActiveCfg = Release|Any CPU
		{0695DE62-953C-463F-A0C3-1FBFA6B4B324}.Release|Any CPU.Build.0 = Release|Any CPU
		{ABD6E762-E7DB-4FBE-AF7E-A2CFFCD8BFB5}.Debug|Any CPU.ActiveCfg = Debug|Any CPU
		{ABD6E762-E7DB-4FBE-AF7E-A2CFFCD8BFB5}.Debug|Any CPU.Build.0 = Debug|Any CPU
		{ABD6E762-E7DB-4FBE-AF7E-A2CFFCD8BFB5}.Release|Any CPU.ActiveCfg = Release|Any CPU
		{ABD6E762-E7DB-4FBE-AF7E-A2CFFCD8BFB5}.Release|Any CPU.Build.0 = Release|Any CPU
	EndGlobalSection
	GlobalSection(SolutionProperties) = preSolution
		HideSolutionNode = FALSE
	EndGlobalSection
	GlobalSection(ExtensibilityGlobals) = postSolution
		SolutionGuid = {8DF3848B-9A73-4445-AF12-9F644A446DD8}
	EndGlobalSection
EndGlobal
